// !$*UTF8*$!
{
	archiveVersion = 1;
	classes = {
	};
	objectVersion = 48;
	objects = {

/* Begin PBXBuildFile section */
		5839D5491FB8CCB1003118A4 /* Main.storyboard in Resources */ = {isa = PBXBuildFile; fileRef = 5839D5471FB8CCB1003118A4 /* Main.storyboard */; };
		5839D54E1FB8CCB1003118A4 /* Assets.xcassets in Resources */ = {isa = PBXBuildFile; fileRef = 5839D54D1FB8CCB1003118A4 /* Assets.xcassets */; };
		5839D5511FB8CCB1003118A4 /* LaunchScreen.storyboard in Resources */ = {isa = PBXBuildFile; fileRef = 5839D54F1FB8CCB1003118A4 /* LaunchScreen.storyboard */; };
		F8207A2C21E6A6EA0072AEB1 /* Sample.swift in Sources */ = {isa = PBXBuildFile; fileRef = F8207A2B21E6A6EA0072AEB1 /* Sample.swift */; };
		F843804721DC22E300A0156C /* AppDelegate.swift in Sources */ = {isa = PBXBuildFile; fileRef = F843804621DC22E300A0156C /* AppDelegate.swift */; };
		F843804921DC232100A0156C /* ViewController.swift in Sources */ = {isa = PBXBuildFile; fileRef = F843804821DC232100A0156C /* ViewController.swift */; };
		F89F127D21DF79F900BC5756 /* InputStreamManager.swift in Sources */ = {isa = PBXBuildFile; fileRef = F89F127C21DF79F900BC5756 /* InputStreamManager.swift */; };
/* End PBXBuildFile section */

/* Begin PBXFileReference section */
		5839D53E1FB8CCB1003118A4 /* GuitarTuner.app */ = {isa = PBXFileReference; explicitFileType = wrapper.application; includeInIndex = 0; path = GuitarTuner.app; sourceTree = BUILT_PRODUCTS_DIR; };
		5839D5481FB8CCB1003118A4 /* Base */ = {isa = PBXFileReference; lastKnownFileType = file.storyboard; name = Base; path = Base.lproj/Main.storyboard; sourceTree = "<group>"; };
		5839D54D1FB8CCB1003118A4 /* Assets.xcassets */ = {isa = PBXFileReference; lastKnownFileType = folder.assetcatalog; path = Assets.xcassets; sourceTree = "<group>"; };
		5839D5501FB8CCB1003118A4 /* Base */ = {isa = PBXFileReference; lastKnownFileType = file.storyboard; name = Base; path = Base.lproj/LaunchScreen.storyboard; sourceTree = "<group>"; };
		5839D5521FB8CCB1003118A4 /* Info.plist */ = {isa = PBXFileReference; lastKnownFileType = text.plist.xml; path = Info.plist; sourceTree = "<group>"; };
		F8207A2B21E6A6EA0072AEB1 /* Sample.swift */ = {isa = PBXFileReference; lastKnownFileType = sourcecode.swift; path = Sample.swift; sourceTree = "<group>"; };
		F843804621DC22E300A0156C /* AppDelegate.swift */ = {isa = PBXFileReference; lastKnownFileType = sourcecode.swift; path = AppDelegate.swift; sourceTree = "<group>"; };
		F843804821DC232100A0156C /* ViewController.swift */ = {isa = PBXFileReference; lastKnownFileType = sourcecode.swift; path = ViewController.swift; sourceTree = "<group>"; };
		F89F127C21DF79F900BC5756 /* InputStreamManager.swift */ = {isa = PBXFileReference; lastKnownFileType = sourcecode.swift; path = InputStreamManager.swift; sourceTree = "<group>"; };
/* End PBXFileReference section */

/* Begin PBXFrameworksBuildPhase section */
		5839D53B1FB8CCB1003118A4 /* Frameworks */ = {
			isa = PBXFrameworksBuildPhase;
			buildActionMask = 2147483647;
			files = (
			);
			runOnlyForDeploymentPostprocessing = 0;
		};
/* End PBXFrameworksBuildPhase section */

/* Begin PBXGroup section */
		5839D5351FB8CCB1003118A4 = {
			isa = PBXGroup;
			children = (
				5839D5401FB8CCB1003118A4 /* GuitarTuner */,
				5839D53F1FB8CCB1003118A4 /* Products */,
			);
			sourceTree = "<group>";
		};
		5839D53F1FB8CCB1003118A4 /* Products */ = {
			isa = PBXGroup;
			children = (
				5839D53E1FB8CCB1003118A4 /* GuitarTuner.app */,
			);
			name = Products;
			sourceTree = "<group>";
		};
		5839D5401FB8CCB1003118A4 /* GuitarTuner */ = {
			isa = PBXGroup;
			children = (
				5839D5471FB8CCB1003118A4 /* Main.storyboard */,
				5839D54D1FB8CCB1003118A4 /* Assets.xcassets */,
				5839D54F1FB8CCB1003118A4 /* LaunchScreen.storyboard */,
				5839D5521FB8CCB1003118A4 /* Info.plist */,
				F843804621DC22E300A0156C /* AppDelegate.swift */,
				F843804821DC232100A0156C /* ViewController.swift */,
				F8207A2B21E6A6EA0072AEB1 /* Sample.swift */,
				F89F127C21DF79F900BC5756 /* InputStreamManager.swift */,
			);
			path = GuitarTuner;
			sourceTree = "<group>";
		};
/* End PBXGroup section */

/* Begin PBXNativeTarget section */
		5839D53D1FB8CCB1003118A4 /* GuitarTuner */ = {
			isa = PBXNativeTarget;
			buildConfigurationList = 5839D5571FB8CCB1003118A4 /* Build configuration list for PBXNativeTarget "GuitarTuner" */;
			buildPhases = (
				5839D53A1FB8CCB1003118A4 /* Sources */,
				5839D53B1FB8CCB1003118A4 /* Frameworks */,
				5839D53C1FB8CCB1003118A4 /* Resources */,
			);
			buildRules = (
			);
			dependencies = (
			);
			name = GuitarTuner;
			productName = GuitarTuner;
			productReference = 5839D53E1FB8CCB1003118A4 /* GuitarTuner.app */;
			productType = "com.apple.product-type.application";
		};
/* End PBXNativeTarget section */

/* Begin PBXProject section */
		5839D5361FB8CCB1003118A4 /* Project object */ = {
			isa = PBXProject;
			attributes = {
				LastUpgradeCheck = 0910;
				ORGANIZATIONNAME = "Gennady Oleynik";
				TargetAttributes = {
					5839D53D1FB8CCB1003118A4 = {
						CreatedOnToolsVersion = 9.1;
						LastSwiftMigration = 1010;
						ProvisioningStyle = Automatic;
					};
				};
			};
			buildConfigurationList = 5839D5391FB8CCB1003118A4 /* Build configuration list for PBXProject "GuitarTuner" */;
			compatibilityVersion = "Xcode 8.0";
			developmentRegion = en;
			hasScannedForEncodings = 0;
			knownRegions = (
				en,
				Base,
			);
			mainGroup = 5839D5351FB8CCB1003118A4;
			productRefGroup = 5839D53F1FB8CCB1003118A4 /* Products */;
			projectDirPath = "";
			projectRoot = "";
			targets = (
				5839D53D1FB8CCB1003118A4 /* GuitarTuner */,
			);
		};
/* End PBXProject section */

/* Begin PBXResourcesBuildPhase section */
		5839D53C1FB8CCB1003118A4 /* Resources */ = {
			isa = PBXResourcesBuildPhase;
			buildActionMask = 2147483647;
			files = (
				5839D5511FB8CCB1003118A4 /* LaunchScreen.storyboard in Resources */,
				5839D54E1FB8CCB1003118A4 /* Assets.xcassets in Resources */,
				5839D5491FB8CCB1003118A4 /* Main.storyboard in Resources */,
			);
			runOnlyForDeploymentPostprocessing = 0;
		};
/* End PBXResourcesBuildPhase section */

/* Begin PBXSourcesBuildPhase section */
		5839D53A1FB8CCB1003118A4 /* Sources */ = {
			isa = PBXSourcesBuildPhase;
			buildActionMask = 2147483647;
			files = (
				F89F127D21DF79F900BC5756 /* InputStreamManager.swift in Sources */,
				F8207A2C21E6A6EA0072AEB1 /* Sample.swift in Sources */,
				F843804721DC22E300A0156C /* AppDelegate.swift in Sources */,
				F843804921DC232100A0156C /* ViewController.swift in Sources */,
			);
			runOnlyForDeploymentPostprocessing = 0;
		};
/* End PBXSourcesBuildPhase section */

/* Begin PBXVariantGroup section */
		5839D5471FB8CCB1003118A4 /* Main.storyboard */ = {
			isa = PBXVariantGroup;
			children = (
				5839D5481FB8CCB1003118A4 /* Base */,
			);
			name = Main.storyboard;
			sourceTree = "<group>";
		};
		5839D54F1FB8CCB1003118A4 /* LaunchScreen.storyboard */ = {
			isa = PBXVariantGroup;
			children = (
				5839D5501FB8CCB1003118A4 /* Base */,
			);
			name = LaunchScreen.storyboard;
			sourceTree = "<group>";
		};
/* End PBXVariantGroup section */

/* Begin XCBuildConfiguration section */
		5839D5551FB8CCB1003118A4 /* Debug */ = {
			isa = XCBuildConfiguration;
			buildSettings = {
				ALWAYS_SEARCH_USER_PATHS = NO;
				CLANG_ANALYZER_NONNULL = YES;
				CLANG_ANALYZER_NUMBER_OBJECT_CONVERSION = YES_AGGRESSIVE;
				CLANG_CXX_LANGUAGE_STANDARD = "gnu++14";
				CLANG_CXX_LIBRARY = "libc++";
				CLANG_ENABLE_MODULES = YES;
				CLANG_ENABLE_OBJC_ARC = YES;
				CLANG_WARN_BLOCK_CAPTURE_AUTORELEASING = YES;
				CLANG_WARN_BOOL_CONVERSION = YES;
				CLANG_WARN_COMMA = YES;
				CLANG_WARN_CONSTANT_CONVERSION = YES;
				CLANG_WARN_DIRECT_OBJC_ISA_USAGE = YES_ERROR;
				CLANG_WARN_DOCUMENTATION_COMMENTS = YES;
				CLANG_WARN_EMPTY_BODY = YES;
				CLANG_WARN_ENUM_CONVERSION = YES;
				CLANG_WARN_INFINITE_RECURSION = YES;
				CLANG_WARN_INT_CONVERSION = YES;
				CLANG_WARN_NON_LITERAL_NULL_CONVERSION = YES;
				CLANG_WARN_OBJC_LITERAL_CONVERSION = YES;
				CLANG_WARN_OBJC_ROOT_CLASS = YES_ERROR;
				CLANG_WARN_RANGE_LOOP_ANALYSIS = YES;
				CLANG_WARN_STRICT_PROTOTYPES = YES;
				CLANG_WARN_SUSPICIOUS_MOVE = YES;
				CLANG_WARN_UNGUARDED_AVAILABILITY = YES_AGGRESSIVE;
				CLANG_WARN_UNREACHABLE_CODE = YES;
				CLANG_WARN__DUPLICATE_METHOD_MATCH = YES;
				CODE_SIGN_IDENTITY = "iPhone Developer";
				COPY_PHASE_STRIP = NO;
				DEBUG_INFORMATION_FORMAT = dwarf;
				ENABLE_STRICT_OBJC_MSGSEND = YES;
				ENABLE_TESTABILITY = YES;
				GCC_C_LANGUAGE_STANDARD = gnu11;
				GCC_DYNAMIC_NO_PIC = NO;
				GCC_NO_COMMON_BLOCKS = YES;
				GCC_OPTIMIZATION_LEVEL = 0;
				GCC_PREPROCESSOR_DEFINITIONS = (
					"DEBUG=1",
					"$(inherited)",
				);
				GCC_WARN_64_TO_32_BIT_CONVERSION = YES;
				GCC_WARN_ABOUT_RETURN_TYPE = YES_ERROR;
				GCC_WARN_UNDECLARED_SELECTOR = YES;
				GCC_WARN_UNINITIALIZED_AUTOS = YES_AGGRESSIVE;
				GCC_WARN_UNUSED_FUNCTION = YES;
				GCC_WARN_UNUSED_VARIABLE = YES;
				IPHONEOS_DEPLOYMENT_TARGET = 11.1;
				MTL_ENABLE_DEBUG_INFO = YES;
				ONLY_ACTIVE_ARCH = YES;
				SDKROOT = iphoneos;
			};
			name = Debug;
		};
		5839D5561FB8CCB1003118A4 /* Release */ = {
			isa = XCBuildConfiguration;
			buildSettings = {
				ALWAYS_SEARCH_USER_PATHS = NO;
				CLANG_ANALYZER_NONNULL = YES;
				CLANG_ANALYZER_NUMBER_OBJECT_CONVERSION = YES_AGGRESSIVE;
				CLANG_CXX_LANGUAGE_STANDARD = "gnu++14";
				CLANG_CXX_LIBRARY = "libc++";
				CLANG_ENABLE_MODULES = YES;
				CLANG_ENABLE_OBJC_ARC = YES;
				CLANG_WARN_BLOCK_CAPTURE_AUTORELEASING = YES;
				CLANG_WARN_BOOL_CONVERSION = YES;
				CLANG_WARN_COMMA = YES;
				CLANG_WARN_CONSTANT_CONVERSION = YES;
				CLANG_WARN_DIRECT_OBJC_ISA_USAGE = YES_ERROR;
				CLANG_WARN_DOCUMENTATION_COMMENTS = YES;
				CLANG_WARN_EMPTY_BODY = YES;
				CLANG_WARN_ENUM_CONVERSION = YES;
				CLANG_WARN_INFINITE_RECURSION = YES;
				CLANG_WARN_INT_CONVERSION = YES;
				CLANG_WARN_NON_LITERAL_NULL_CONVERSION = YES;
				CLANG_WARN_OBJC_LITERAL_CONVERSION = YES;
				CLANG_WARN_OBJC_ROOT_CLASS = YES_ERROR;
				CLANG_WARN_RANGE_LOOP_ANALYSIS = YES;
				CLANG_WARN_STRICT_PROTOTYPES = YES;
				CLANG_WARN_SUSPICIOUS_MOVE = YES;
				CLANG_WARN_UNGUARDED_AVAILABILITY = YES_AGGRESSIVE;
				CLANG_WARN_UNREACHABLE_CODE = YES;
				CLANG_WARN__DUPLICATE_METHOD_MATCH = YES;
				CODE_SIGN_IDENTITY = "iPhone Developer";
				COPY_PHASE_STRIP = NO;
				DEBUG_INFORMATION_FORMAT = "dwarf-with-dsym";
				ENABLE_NS_ASSERTIONS = NO;
				ENABLE_STRICT_OBJC_MSGSEND = YES;
				GCC_C_LANGUAGE_STANDARD = gnu11;
				GCC_NO_COMMON_BLOCKS = YES;
				GCC_WARN_64_TO_32_BIT_CONVERSION = YES;
				GCC_WARN_ABOUT_RETURN_TYPE = YES_ERROR;
				GCC_WARN_UNDECLARED_SELECTOR = YES;
				GCC_WARN_UNINITIALIZED_AUTOS = YES_AGGRESSIVE;
				GCC_WARN_UNUSED_FUNCTION = YES;
				GCC_WARN_UNUSED_VARIABLE = YES;
				IPHONEOS_DEPLOYMENT_TARGET = 11.1;
				MTL_ENABLE_DEBUG_INFO = NO;
				SDKROOT = iphoneos;
				VALIDATE_PRODUCT = YES;
			};
			name = Release;
		};
		5839D5581FB8CCB1003118A4 /* Debug */ = {
			isa = XCBuildConfiguration;
			buildSettings = {
				ASSETCATALOG_COMPILER_APPICON_NAME = AppIcon;
				CLANG_ENABLE_MODULES = YES;
				CODE_SIGN_STYLE = Automatic;
				DEVELOPMENT_TEAM = J77L9EFZEW;
				INFOPLIST_FILE = GuitarTuner/Info.plist;
				LD_RUNPATH_SEARCH_PATHS = "$(inherited) @executable_path/Frameworks";
				PRODUCT_BUNDLE_IDENTIFIER = com.oleygen.GuitarTuner;
				PRODUCT_NAME = "$(TARGET_NAME)";
				SWIFT_OPTIMIZATION_LEVEL = "-Onone";
				SWIFT_VERSION = 4.2;
				TARGETED_DEVICE_FAMILY = "1,2";
			};
			name = Debug;
		};
		5839D5591FB8CCB1003118A4 /* Release */ = {
			isa = XCBuildConfiguration;
			buildSettings = {
				ASSETCATALOG_COMPILER_APPICON_NAME = AppIcon;
				CLANG_ENABLE_MODULES = YES;
				CODE_SIGN_STYLE = Automatic;
				DEVELOPMENT_TEAM = J77L9EFZEW;
				INFOPLIST_FILE = GuitarTuner/Info.plist;
				LD_RUNPATH_SEARCH_PATHS = "$(inherited) @executable_path/Frameworks";
				PRODUCT_BUNDLE_IDENTIFIER = com.oleygen.GuitarTuner;
				PRODUCT_NAME = "$(TARGET_NAME)";
				SWIFT_VERSION = 4.2;
				TARGETED_DEVICE_FAMILY = "1,2";
			};
			name = Release;
		};
/* End XCBuildConfiguration section */

/* Begin XCConfigurationList section */
		5839D5391FB8CCB1003118A4 /* Build configuration list for PBXProject "GuitarTuner" */ = {
			isa = XCConfigurationList;
			buildConfigurations = (
				5839D5551FB8CCB1003118A4 /* Debug */,
				5839D5561FB8CCB1003118A4 /* Release */,
			);
			defaultConfigurationIsVisible = 0;
			defaultConfigurationName = Release;
		};
		5839D5571FB8CCB1003118A4 /* Build configuration list for PBXNativeTarget "GuitarTuner" */ = {
			isa = XCConfigurationList;
			buildConfigurations = (
				5839D5581FB8CCB1003118A4 /* Debug */,
				5839D5591FB8CCB1003118A4 /* Release */,
			);
			defaultConfigurationIsVisible = 0;
			defaultConfigurationName = Release;
		};
/* End XCConfigurationList section */
	};
	rootObject = 5839D5361FB8CCB1003118A4 /* Project object */;
}
